// !$*UTF8*$!
{
	archiveVersion = 1;
	classes = {
	};
	objectVersion = 55;
	objects = {

/* Begin PBXBuildFile section */
		330F6ED4279713CC00AE8BA2 /* MainTabBarItem.swift in Sources */ = {isa = PBXBuildFile; fileRef = 330F6ED3279713CC00AE8BA2 /* MainTabBarItem.swift */; };
		330F6ED6279723F700AE8BA2 /* MainTabBar.swift in Sources */ = {isa = PBXBuildFile; fileRef = 330F6ED5279723F700AE8BA2 /* MainTabBar.swift */; };
		330F6ED82797252500AE8BA2 /* MainViewControllerContainer.swift in Sources */ = {isa = PBXBuildFile; fileRef = 330F6ED72797252500AE8BA2 /* MainViewControllerContainer.swift */; };
		333B90CE278CA6F700429B32 /* AppDelegate.swift in Sources */ = {isa = PBXBuildFile; fileRef = 333B90CD278CA6F700429B32 /* AppDelegate.swift */; };
		333B90D0278CA6F700429B32 /* SceneDelegate.swift in Sources */ = {isa = PBXBuildFile; fileRef = 333B90CF278CA6F700429B32 /* SceneDelegate.swift */; };
		333B90D2278CA6F700429B32 /* ViewController.swift in Sources */ = {isa = PBXBuildFile; fileRef = 333B90D1278CA6F700429B32 /* ViewController.swift */; };
		333B90D5278CA6F700429B32 /* Main.storyboard in Resources */ = {isa = PBXBuildFile; fileRef = 333B90D3278CA6F700429B32 /* Main.storyboard */; };
		333B90D7278CA6F900429B32 /* Assets.xcassets in Resources */ = {isa = PBXBuildFile; fileRef = 333B90D6278CA6F900429B32 /* Assets.xcassets */; };
		333B90DA278CA6F900429B32 /* LaunchScreen.storyboard in Resources */ = {isa = PBXBuildFile; fileRef = 333B90D8278CA6F900429B32 /* LaunchScreen.storyboard */; };
		337356EC27A2F8AD0068D755 /* EffortDesign in Frameworks */ = {isa = PBXBuildFile; productRef = 337356EB27A2F8AD0068D755 /* EffortDesign */; };
		337356EE27A2FC510068D755 /* EffortPresentation in Frameworks */ = {isa = PBXBuildFile; productRef = 337356ED27A2FC510068D755 /* EffortPresentation */; };
		337356F627A379F10068D755 /* AppDelegate.swift in Sources */ = {isa = PBXBuildFile; fileRef = 337356F527A379F10068D755 /* AppDelegate.swift */; };
		337356F827A379F10068D755 /* SceneDelegate.swift in Sources */ = {isa = PBXBuildFile; fileRef = 337356F727A379F10068D755 /* SceneDelegate.swift */; };
		337356FA27A379F10068D755 /* ViewController.swift in Sources */ = {isa = PBXBuildFile; fileRef = 337356F927A379F10068D755 /* ViewController.swift */; };
		337356FF27A379F20068D755 /* Assets.xcassets in Resources */ = {isa = PBXBuildFile; fileRef = 337356FE27A379F20068D755 /* Assets.xcassets */; };
		3373570227A379F20068D755 /* LaunchScreen.storyboard in Resources */ = {isa = PBXBuildFile; fileRef = 3373570027A379F20068D755 /* LaunchScreen.storyboard */; };
		3373570827A38A030068D755 /* EMRankLadder in Frameworks */ = {isa = PBXBuildFile; productRef = 3373570727A38A030068D755 /* EMRankLadder */; };
		3373570A27A38A800068D755 /* EMRankLadder in Frameworks */ = {isa = PBXBuildFile; productRef = 3373570927A38A800068D755 /* EMRankLadder */; };
		3373571227A43EBD0068D755 /* AppDelegate.swift in Sources */ = {isa = PBXBuildFile; fileRef = 3373571127A43EBD0068D755 /* AppDelegate.swift */; };
		3373571427A43EBD0068D755 /* SceneDelegate.swift in Sources */ = {isa = PBXBuildFile; fileRef = 3373571327A43EBD0068D755 /* SceneDelegate.swift */; };
		3373571627A43EBD0068D755 /* ViewController.swift in Sources */ = {isa = PBXBuildFile; fileRef = 3373571527A43EBD0068D755 /* ViewController.swift */; };
		3373571927A43EBD0068D755 /* Main.storyboard in Resources */ = {isa = PBXBuildFile; fileRef = 3373571727A43EBD0068D755 /* Main.storyboard */; };
		3373571B27A43EBE0068D755 /* Assets.xcassets in Resources */ = {isa = PBXBuildFile; fileRef = 3373571A27A43EBE0068D755 /* Assets.xcassets */; };
		3373571E27A43EBE0068D755 /* LaunchScreen.storyboard in Resources */ = {isa = PBXBuildFile; fileRef = 3373571C27A43EBE0068D755 /* LaunchScreen.storyboard */; };
		3373572427A43EF40068D755 /* EffortDesign in Frameworks */ = {isa = PBXBuildFile; productRef = 3373572327A43EF40068D755 /* EffortDesign */; };
		3373572627A43EF70068D755 /* SnapKit in Frameworks */ = {isa = PBXBuildFile; productRef = 3373572527A43EF70068D755 /* SnapKit */; };
		3373572E27A687810068D755 /* AppDelegate.swift in Sources */ = {isa = PBXBuildFile; fileRef = 3373572D27A687810068D755 /* AppDelegate.swift */; };
		3373573027A687810068D755 /* SceneDelegate.swift in Sources */ = {isa = PBXBuildFile; fileRef = 3373572F27A687810068D755 /* SceneDelegate.swift */; };
		3373573227A687810068D755 /* ViewController.swift in Sources */ = {isa = PBXBuildFile; fileRef = 3373573127A687810068D755 /* ViewController.swift */; };
		3373573527A687810068D755 /* Main.storyboard in Resources */ = {isa = PBXBuildFile; fileRef = 3373573327A687810068D755 /* Main.storyboard */; };
		3373573727A687830068D755 /* Assets.xcassets in Resources */ = {isa = PBXBuildFile; fileRef = 3373573627A687830068D755 /* Assets.xcassets */; };
		3373573A27A687830068D755 /* LaunchScreen.storyboard in Resources */ = {isa = PBXBuildFile; fileRef = 3373573827A687830068D755 /* LaunchScreen.storyboard */; };
		3373574027A6878B0068D755 /* EffortDesign in Frameworks */ = {isa = PBXBuildFile; productRef = 3373573F27A6878B0068D755 /* EffortDesign */; };
		339B849727934E32000E7ECF /* SnapKit in Frameworks */ = {isa = PBXBuildFile; productRef = 339B849627934E32000E7ECF /* SnapKit */; };
		33C063CE27A687D400D0B893 /* SnapKit in Frameworks */ = {isa = PBXBuildFile; productRef = 33C063CD27A687D400D0B893 /* SnapKit */; };
/* End PBXBuildFile section */

/* Begin PBXFileReference section */
		330F6ED3279713CC00AE8BA2 /* MainTabBarItem.swift */ = {isa = PBXFileReference; lastKnownFileType = sourcecode.swift; path = MainTabBarItem.swift; sourceTree = "<group>"; };
		330F6ED5279723F700AE8BA2 /* MainTabBar.swift */ = {isa = PBXFileReference; lastKnownFileType = sourcecode.swift; path = MainTabBar.swift; sourceTree = "<group>"; };
		330F6ED72797252500AE8BA2 /* MainViewControllerContainer.swift */ = {isa = PBXFileReference; lastKnownFileType = sourcecode.swift; path = MainViewControllerContainer.swift; sourceTree = "<group>"; };
		333B90CA278CA6F700429B32 /* EffortMinutes.app */ = {isa = PBXFileReference; explicitFileType = wrapper.application; includeInIndex = 0; path = EffortMinutes.app; sourceTree = BUILT_PRODUCTS_DIR; };
		333B90CD278CA6F700429B32 /* AppDelegate.swift */ = {isa = PBXFileReference; lastKnownFileType = sourcecode.swift; path = AppDelegate.swift; sourceTree = "<group>"; };
		333B90CF278CA6F700429B32 /* SceneDelegate.swift */ = {isa = PBXFileReference; lastKnownFileType = sourcecode.swift; path = SceneDelegate.swift; sourceTree = "<group>"; };
		333B90D1278CA6F700429B32 /* ViewController.swift */ = {isa = PBXFileReference; lastKnownFileType = sourcecode.swift; path = ViewController.swift; sourceTree = "<group>"; };
		333B90D4278CA6F700429B32 /* Base */ = {isa = PBXFileReference; lastKnownFileType = file.storyboard; name = Base; path = Base.lproj/Main.storyboard; sourceTree = "<group>"; };
		333B90D6278CA6F900429B32 /* Assets.xcassets */ = {isa = PBXFileReference; lastKnownFileType = folder.assetcatalog; path = Assets.xcassets; sourceTree = "<group>"; };
		333B90D9278CA6F900429B32 /* Base */ = {isa = PBXFileReference; lastKnownFileType = file.storyboard; name = Base; path = Base.lproj/LaunchScreen.storyboard; sourceTree = "<group>"; };
		333B90DB278CA6F900429B32 /* Info.plist */ = {isa = PBXFileReference; lastKnownFileType = text.plist.xml; path = Info.plist; sourceTree = "<group>"; };
		337356E927A2F71F0068D755 /* EffortMinutesLibrary */ = {isa = PBXFileReference; lastKnownFileType = folder; path = EffortMinutesLibrary; sourceTree = "<group>"; };
		337356F327A379F10068D755 /* EM_RankViewController.app */ = {isa = PBXFileReference; explicitFileType = wrapper.application; includeInIndex = 0; path = EM_RankViewController.app; sourceTree = BUILT_PRODUCTS_DIR; };
		337356F527A379F10068D755 /* AppDelegate.swift */ = {isa = PBXFileReference; lastKnownFileType = sourcecode.swift; path = AppDelegate.swift; sourceTree = "<group>"; };
		337356F727A379F10068D755 /* SceneDelegate.swift */ = {isa = PBXFileReference; lastKnownFileType = sourcecode.swift; path = SceneDelegate.swift; sourceTree = "<group>"; };
		337356F927A379F10068D755 /* ViewController.swift */ = {isa = PBXFileReference; lastKnownFileType = sourcecode.swift; path = ViewController.swift; sourceTree = "<group>"; };
		337356FE27A379F20068D755 /* Assets.xcassets */ = {isa = PBXFileReference; lastKnownFileType = folder.assetcatalog; path = Assets.xcassets; sourceTree = "<group>"; };
		3373570127A379F20068D755 /* Base */ = {isa = PBXFileReference; lastKnownFileType = file.storyboard; name = Base; path = Base.lproj/LaunchScreen.storyboard; sourceTree = "<group>"; };
		3373570327A379F20068D755 /* Info.plist */ = {isa = PBXFileReference; lastKnownFileType = text.plist.xml; path = Info.plist; sourceTree = "<group>"; };
		3373570F27A43EBD0068D755 /* EM_RankDrawer.app */ = {isa = PBXFileReference; explicitFileType = wrapper.application; includeInIndex = 0; path = EM_RankDrawer.app; sourceTree = BUILT_PRODUCTS_DIR; };
		3373571127A43EBD0068D755 /* AppDelegate.swift */ = {isa = PBXFileReference; lastKnownFileType = sourcecode.swift; path = AppDelegate.swift; sourceTree = "<group>"; };
		3373571327A43EBD0068D755 /* SceneDelegate.swift */ = {isa = PBXFileReference; lastKnownFileType = sourcecode.swift; path = SceneDelegate.swift; sourceTree = "<group>"; };
		3373571527A43EBD0068D755 /* ViewController.swift */ = {isa = PBXFileReference; lastKnownFileType = sourcecode.swift; path = ViewController.swift; sourceTree = "<group>"; };
		3373571827A43EBD0068D755 /* Base */ = {isa = PBXFileReference; lastKnownFileType = file.storyboard; name = Base; path = Base.lproj/Main.storyboard; sourceTree = "<group>"; };
		3373571A27A43EBE0068D755 /* Assets.xcassets */ = {isa = PBXFileReference; lastKnownFileType = folder.assetcatalog; path = Assets.xcassets; sourceTree = "<group>"; };
		3373571D27A43EBE0068D755 /* Base */ = {isa = PBXFileReference; lastKnownFileType = file.storyboard; name = Base; path = Base.lproj/LaunchScreen.storyboard; sourceTree = "<group>"; };
		3373571F27A43EBE0068D755 /* Info.plist */ = {isa = PBXFileReference; lastKnownFileType = text.plist.xml; path = Info.plist; sourceTree = "<group>"; };
		3373572B27A687810068D755 /* EM_Timer.app */ = {isa = PBXFileReference; explicitFileType = wrapper.application; includeInIndex = 0; path = EM_Timer.app; sourceTree = BUILT_PRODUCTS_DIR; };
		3373572D27A687810068D755 /* AppDelegate.swift */ = {isa = PBXFileReference; lastKnownFileType = sourcecode.swift; path = AppDelegate.swift; sourceTree = "<group>"; };
		3373572F27A687810068D755 /* SceneDelegate.swift */ = {isa = PBXFileReference; lastKnownFileType = sourcecode.swift; path = SceneDelegate.swift; sourceTree = "<group>"; };
		3373573127A687810068D755 /* ViewController.swift */ = {isa = PBXFileReference; lastKnownFileType = sourcecode.swift; path = ViewController.swift; sourceTree = "<group>"; };
		3373573427A687810068D755 /* Base */ = {isa = PBXFileReference; lastKnownFileType = file.storyboard; name = Base; path = Base.lproj/Main.storyboard; sourceTree = "<group>"; };
		3373573627A687830068D755 /* Assets.xcassets */ = {isa = PBXFileReference; lastKnownFileType = folder.assetcatalog; path = Assets.xcassets; sourceTree = "<group>"; };
		3373573927A687830068D755 /* Base */ = {isa = PBXFileReference; lastKnownFileType = file.storyboard; name = Base; path = Base.lproj/LaunchScreen.storyboard; sourceTree = "<group>"; };
		3373573B27A687830068D755 /* Info.plist */ = {isa = PBXFileReference; lastKnownFileType = text.plist.xml; path = Info.plist; sourceTree = "<group>"; };
/* End PBXFileReference section */

/* Begin PBXFrameworksBuildPhase section */
		333B90C7278CA6F700429B32 /* Frameworks */ = {
			isa = PBXFrameworksBuildPhase;
			buildActionMask = 2147483647;
			files = (
				337356EC27A2F8AD0068D755 /* EffortDesign in Frameworks */,
				339B849727934E32000E7ECF /* SnapKit in Frameworks */,
				3373570827A38A030068D755 /* EMRankLadder in Frameworks */,
				337356EE27A2FC510068D755 /* EffortPresentation in Frameworks */,
			);
			runOnlyForDeploymentPostprocessing = 0;
		};
		337356F027A379F10068D755 /* Frameworks */ = {
			isa = PBXFrameworksBuildPhase;
			buildActionMask = 2147483647;
			files = (
				3373570A27A38A800068D755 /* EMRankLadder in Frameworks */,
			);
			runOnlyForDeploymentPostprocessing = 0;
		};
		3373570C27A43EBD0068D755 /* Frameworks */ = {
			isa = PBXFrameworksBuildPhase;
			buildActionMask = 2147483647;
			files = (
				3373572427A43EF40068D755 /* EffortDesign in Frameworks */,
				3373572627A43EF70068D755 /* SnapKit in Frameworks */,
			);
			runOnlyForDeploymentPostprocessing = 0;
		};
		3373572827A687810068D755 /* Frameworks */ = {
			isa = PBXFrameworksBuildPhase;
			buildActionMask = 2147483647;
			files = (
				3373574027A6878B0068D755 /* EffortDesign in Frameworks */,
				33C063CE27A687D400D0B893 /* SnapKit in Frameworks */,
			);
			runOnlyForDeploymentPostprocessing = 0;
		};
/* End PBXFrameworksBuildPhase section */

/* Begin PBXGroup section */
		333B90C1278CA6F700429B32 = {
			isa = PBXGroup;
			children = (
				337356E927A2F71F0068D755 /* EffortMinutesLibrary */,
				333B90CC278CA6F700429B32 /* EffortMinutes */,
				337356F427A379F10068D755 /* EM_RankViewController */,
				3373571027A43EBD0068D755 /* EM_RankDrawer */,
				3373572C27A687810068D755 /* EM_Timer */,
				333B90CB278CA6F700429B32 /* Products */,
				337356EA27A2F8AD0068D755 /* Frameworks */,
			);
			sourceTree = "<group>";
		};
		333B90CB278CA6F700429B32 /* Products */ = {
			isa = PBXGroup;
			children = (
				333B90CA278CA6F700429B32 /* EffortMinutes.app */,
				337356F327A379F10068D755 /* EM_RankViewController.app */,
				3373570F27A43EBD0068D755 /* EM_RankDrawer.app */,
				3373572B27A687810068D755 /* EM_Timer.app */,
			);
			name = Products;
			sourceTree = "<group>";
		};
		333B90CC278CA6F700429B32 /* EffortMinutes */ = {
			isa = PBXGroup;
			children = (
				333B90CD278CA6F700429B32 /* AppDelegate.swift */,
				333B90CF278CA6F700429B32 /* SceneDelegate.swift */,
				330F6ED72797252500AE8BA2 /* MainViewControllerContainer.swift */,
				333B90D1278CA6F700429B32 /* ViewController.swift */,
				330F6ED3279713CC00AE8BA2 /* MainTabBarItem.swift */,
				330F6ED5279723F700AE8BA2 /* MainTabBar.swift */,
				333B90D3278CA6F700429B32 /* Main.storyboard */,
				333B90D6278CA6F900429B32 /* Assets.xcassets */,
				333B90D8278CA6F900429B32 /* LaunchScreen.storyboard */,
				333B90DB278CA6F900429B32 /* Info.plist */,
			);
			path = EffortMinutes;
			sourceTree = "<group>";
		};
		337356EA27A2F8AD0068D755 /* Frameworks */ = {
			isa = PBXGroup;
			children = (
			);
			name = Frameworks;
			sourceTree = "<group>";
		};
		337356F427A379F10068D755 /* EM_RankViewController */ = {
			isa = PBXGroup;
			children = (
				337356F527A379F10068D755 /* AppDelegate.swift */,
				337356F727A379F10068D755 /* SceneDelegate.swift */,
				337356F927A379F10068D755 /* ViewController.swift */,
				337356FE27A379F20068D755 /* Assets.xcassets */,
				3373570027A379F20068D755 /* LaunchScreen.storyboard */,
				3373570327A379F20068D755 /* Info.plist */,
			);
			path = EM_RankViewController;
			sourceTree = "<group>";
		};
		3373571027A43EBD0068D755 /* EM_RankDrawer */ = {
			isa = PBXGroup;
			children = (
				3373571127A43EBD0068D755 /* AppDelegate.swift */,
				3373571327A43EBD0068D755 /* SceneDelegate.swift */,
				3373571527A43EBD0068D755 /* ViewController.swift */,
				3373571727A43EBD0068D755 /* Main.storyboard */,
				3373571A27A43EBE0068D755 /* Assets.xcassets */,
				3373571C27A43EBE0068D755 /* LaunchScreen.storyboard */,
				3373571F27A43EBE0068D755 /* Info.plist */,
			);
			path = EM_RankDrawer;
			sourceTree = "<group>";
		};
		3373572C27A687810068D755 /* EM_Timer */ = {
			isa = PBXGroup;
			children = (
				3373572D27A687810068D755 /* AppDelegate.swift */,
				3373572F27A687810068D755 /* SceneDelegate.swift */,
				3373573127A687810068D755 /* ViewController.swift */,
				3373573327A687810068D755 /* Main.storyboard */,
				3373573627A687830068D755 /* Assets.xcassets */,
				3373573827A687830068D755 /* LaunchScreen.storyboard */,
				3373573B27A687830068D755 /* Info.plist */,
			);
			path = EM_Timer;
			sourceTree = "<group>";
		};
/* End PBXGroup section */

/* Begin PBXNativeTarget section */
		333B90C9278CA6F700429B32 /* EffortMinutes */ = {
			isa = PBXNativeTarget;
			buildConfigurationList = 333B90DE278CA6F900429B32 /* Build configuration list for PBXNativeTarget "EffortMinutes" */;
			buildPhases = (
				333B90C6278CA6F700429B32 /* Sources */,
				333B90C7278CA6F700429B32 /* Frameworks */,
				333B90C8278CA6F700429B32 /* Resources */,
			);
			buildRules = (
			);
			dependencies = (
			);
			name = EffortMinutes;
			packageProductDependencies = (
				339B849627934E32000E7ECF /* SnapKit */,
				337356EB27A2F8AD0068D755 /* EffortDesign */,
				337356ED27A2FC510068D755 /* EffortPresentation */,
				3373570727A38A030068D755 /* EMRankLadder */,
			);
			productName = CircleBuns;
			productReference = 333B90CA278CA6F700429B32 /* EffortMinutes.app */;
			productType = "com.apple.product-type.application";
		};
		337356F227A379F10068D755 /* EM_RankViewController */ = {
			isa = PBXNativeTarget;
			buildConfigurationList = 3373570427A379F20068D755 /* Build configuration list for PBXNativeTarget "EM_RankViewController" */;
			buildPhases = (
				337356EF27A379F10068D755 /* Sources */,
				337356F027A379F10068D755 /* Frameworks */,
				337356F127A379F10068D755 /* Resources */,
			);
			buildRules = (
			);
			dependencies = (
			);
			name = EM_RankViewController;
			packageProductDependencies = (
				3373570927A38A800068D755 /* EMRankLadder */,
			);
			productName = EM_RankViewController;
			productReference = 337356F327A379F10068D755 /* EM_RankViewController.app */;
			productType = "com.apple.product-type.application";
		};
		3373570E27A43EBD0068D755 /* EM_RankDrawer */ = {
			isa = PBXNativeTarget;
			buildConfigurationList = 3373572027A43EBE0068D755 /* Build configuration list for PBXNativeTarget "EM_RankDrawer" */;
			buildPhases = (
				3373570B27A43EBD0068D755 /* Sources */,
				3373570C27A43EBD0068D755 /* Frameworks */,
				3373570D27A43EBD0068D755 /* Resources */,
			);
			buildRules = (
			);
			dependencies = (
			);
			name = EM_RankDrawer;
			packageProductDependencies = (
				3373572327A43EF40068D755 /* EffortDesign */,
				3373572527A43EF70068D755 /* SnapKit */,
			);
			productName = EM_RankDrawer;
			productReference = 3373570F27A43EBD0068D755 /* EM_RankDrawer.app */;
			productType = "com.apple.product-type.application";
		};
		3373572A27A687810068D755 /* EM_Timer */ = {
			isa = PBXNativeTarget;
			buildConfigurationList = 3373573C27A687830068D755 /* Build configuration list for PBXNativeTarget "EM_Timer" */;
			buildPhases = (
				3373572727A687810068D755 /* Sources */,
				3373572827A687810068D755 /* Frameworks */,
				3373572927A687810068D755 /* Resources */,
			);
			buildRules = (
			);
			dependencies = (
			);
			name = EM_Timer;
			packageProductDependencies = (
				3373573F27A6878B0068D755 /* EffortDesign */,
				33C063CD27A687D400D0B893 /* SnapKit */,
			);
			productName = EM_Timer;
			productReference = 3373572B27A687810068D755 /* EM_Timer.app */;
			productType = "com.apple.product-type.application";
		};
/* End PBXNativeTarget section */

/* Begin PBXProject section */
		333B90C2278CA6F700429B32 /* Project object */ = {
			isa = PBXProject;
			attributes = {
				BuildIndependentTargetsInParallel = 1;
				LastSwiftUpdateCheck = 1310;
				LastUpgradeCheck = 1310;
				TargetAttributes = {
					333B90C9278CA6F700429B32 = {
						CreatedOnToolsVersion = 13.1;
					};
					337356F227A379F10068D755 = {
						CreatedOnToolsVersion = 13.1;
					};
					3373570E27A43EBD0068D755 = {
						CreatedOnToolsVersion = 13.1;
					};
					3373572A27A687810068D755 = {
						CreatedOnToolsVersion = 13.1;
					};
				};
			};
			buildConfigurationList = 333B90C5278CA6F700429B32 /* Build configuration list for PBXProject "EffortMinutes" */;
			compatibilityVersion = "Xcode 13.0";
			developmentRegion = en;
			hasScannedForEncodings = 0;
			knownRegions = (
				en,
				Base,
			);
			mainGroup = 333B90C1278CA6F700429B32;
			packageReferences = (
				339B849527934E32000E7ECF /* XCRemoteSwiftPackageReference "SnapKit" */,
			);
			productRefGroup = 333B90CB278CA6F700429B32 /* Products */;
			projectDirPath = "";
			projectRoot = "";
			targets = (
				333B90C9278CA6F700429B32 /* EffortMinutes */,
				337356F227A379F10068D755 /* EM_RankViewController */,
				3373570E27A43EBD0068D755 /* EM_RankDrawer */,
				3373572A27A687810068D755 /* EM_Timer */,
			);
		};
/* End PBXProject section */

/* Begin PBXResourcesBuildPhase section */
		333B90C8278CA6F700429B32 /* Resources */ = {
			isa = PBXResourcesBuildPhase;
			buildActionMask = 2147483647;
			files = (
				333B90DA278CA6F900429B32 /* LaunchScreen.storyboard in Resources */,
				333B90D7278CA6F900429B32 /* Assets.xcassets in Resources */,
				333B90D5278CA6F700429B32 /* Main.storyboard in Resources */,
			);
			runOnlyForDeploymentPostprocessing = 0;
		};
		337356F127A379F10068D755 /* Resources */ = {
			isa = PBXResourcesBuildPhase;
			buildActionMask = 2147483647;
			files = (
				3373570227A379F20068D755 /* LaunchScreen.storyboard in Resources */,
				337356FF27A379F20068D755 /* Assets.xcassets in Resources */,
			);
			runOnlyForDeploymentPostprocessing = 0;
		};
		3373570D27A43EBD0068D755 /* Resources */ = {
			isa = PBXResourcesBuildPhase;
			buildActionMask = 2147483647;
			files = (
				3373571E27A43EBE0068D755 /* LaunchScreen.storyboard in Resources */,
				3373571B27A43EBE0068D755 /* Assets.xcassets in Resources */,
				3373571927A43EBD0068D755 /* Main.storyboard in Resources */,
			);
			runOnlyForDeploymentPostprocessing = 0;
		};
		3373572927A687810068D755 /* Resources */ = {
			isa = PBXResourcesBuildPhase;
			buildActionMask = 2147483647;
			files = (
				3373573A27A687830068D755 /* LaunchScreen.storyboard in Resources */,
				3373573727A687830068D755 /* Assets.xcassets in Resources */,
				3373573527A687810068D755 /* Main.storyboard in Resources */,
			);
			runOnlyForDeploymentPostprocessing = 0;
		};
/* End PBXResourcesBuildPhase section */

/* Begin PBXSourcesBuildPhase section */
		333B90C6278CA6F700429B32 /* Sources */ = {
			isa = PBXSourcesBuildPhase;
			buildActionMask = 2147483647;
			files = (
				333B90D2278CA6F700429B32 /* ViewController.swift in Sources */,
				330F6ED6279723F700AE8BA2 /* MainTabBar.swift in Sources */,
				333B90CE278CA6F700429B32 /* AppDelegate.swift in Sources */,
				330F6ED82797252500AE8BA2 /* MainViewControllerContainer.swift in Sources */,
				330F6ED4279713CC00AE8BA2 /* MainTabBarItem.swift in Sources */,
				333B90D0278CA6F700429B32 /* SceneDelegate.swift in Sources */,
			);
			runOnlyForDeploymentPostprocessing = 0;
		};
		337356EF27A379F10068D755 /* Sources */ = {
			isa = PBXSourcesBuildPhase;
			buildActionMask = 2147483647;
			files = (
				337356FA27A379F10068D755 /* ViewController.swift in Sources */,
				337356F627A379F10068D755 /* AppDelegate.swift in Sources */,
				337356F827A379F10068D755 /* SceneDelegate.swift in Sources */,
			);
			runOnlyForDeploymentPostprocessing = 0;
		};
		3373570B27A43EBD0068D755 /* Sources */ = {
			isa = PBXSourcesBuildPhase;
			buildActionMask = 2147483647;
			files = (
				3373571627A43EBD0068D755 /* ViewController.swift in Sources */,
				3373571227A43EBD0068D755 /* AppDelegate.swift in Sources */,
				3373571427A43EBD0068D755 /* SceneDelegate.swift in Sources */,
			);
			runOnlyForDeploymentPostprocessing = 0;
		};
		3373572727A687810068D755 /* Sources */ = {
			isa = PBXSourcesBuildPhase;
			buildActionMask = 2147483647;
			files = (
				3373573227A687810068D755 /* ViewController.swift in Sources */,
				3373572E27A687810068D755 /* AppDelegate.swift in Sources */,
				3373573027A687810068D755 /* SceneDelegate.swift in Sources */,
			);
			runOnlyForDeploymentPostprocessing = 0;
		};
/* End PBXSourcesBuildPhase section */

/* Begin PBXVariantGroup section */
		333B90D3278CA6F700429B32 /* Main.storyboard */ = {
			isa = PBXVariantGroup;
			children = (
				333B90D4278CA6F700429B32 /* Base */,
			);
			name = Main.storyboard;
			sourceTree = "<group>";
		};
		333B90D8278CA6F900429B32 /* LaunchScreen.storyboard */ = {
			isa = PBXVariantGroup;
			children = (
				333B90D9278CA6F900429B32 /* Base */,
			);
			name = LaunchScreen.storyboard;
			sourceTree = "<group>";
		};
		3373570027A379F20068D755 /* LaunchScreen.storyboard */ = {
			isa = PBXVariantGroup;
			children = (
				3373570127A379F20068D755 /* Base */,
			);
			name = LaunchScreen.storyboard;
			sourceTree = "<group>";
		};
		3373571727A43EBD0068D755 /* Main.storyboard */ = {
			isa = PBXVariantGroup;
			children = (
				3373571827A43EBD0068D755 /* Base */,
			);
			name = Main.storyboard;
			sourceTree = "<group>";
		};
		3373571C27A43EBE0068D755 /* LaunchScreen.storyboard */ = {
			isa = PBXVariantGroup;
			children = (
				3373571D27A43EBE0068D755 /* Base */,
			);
			name = LaunchScreen.storyboard;
			sourceTree = "<group>";
		};
		3373573327A687810068D755 /* Main.storyboard */ = {
			isa = PBXVariantGroup;
			children = (
				3373573427A687810068D755 /* Base */,
			);
			name = Main.storyboard;
			sourceTree = "<group>";
		};
		3373573827A687830068D755 /* LaunchScreen.storyboard */ = {
			isa = PBXVariantGroup;
			children = (
				3373573927A687830068D755 /* Base */,
			);
			name = LaunchScreen.storyboard;
			sourceTree = "<group>";
		};
/* End PBXVariantGroup section */

/* Begin XCBuildConfiguration section */
		333B90DC278CA6F900429B32 /* Debug */ = {
			isa = XCBuildConfiguration;
			buildSettings = {
				ALWAYS_SEARCH_USER_PATHS = NO;
				CLANG_ANALYZER_NONNULL = YES;
				CLANG_ANALYZER_NUMBER_OBJECT_CONVERSION = YES_AGGRESSIVE;
				CLANG_CXX_LANGUAGE_STANDARD = "gnu++17";
				CLANG_CXX_LIBRARY = "libc++";
				CLANG_ENABLE_MODULES = YES;
				CLANG_ENABLE_OBJC_ARC = YES;
				CLANG_ENABLE_OBJC_WEAK = YES;
				CLANG_WARN_BLOCK_CAPTURE_AUTORELEASING = YES;
				CLANG_WARN_BOOL_CONVERSION = YES;
				CLANG_WARN_COMMA = YES;
				CLANG_WARN_CONSTANT_CONVERSION = YES;
				CLANG_WARN_DEPRECATED_OBJC_IMPLEMENTATIONS = YES;
				CLANG_WARN_DIRECT_OBJC_ISA_USAGE = YES_ERROR;
				CLANG_WARN_DOCUMENTATION_COMMENTS = YES;
				CLANG_WARN_EMPTY_BODY = YES;
				CLANG_WARN_ENUM_CONVERSION = YES;
				CLANG_WARN_INFINITE_RECURSION = YES;
				CLANG_WARN_INT_CONVERSION = YES;
				CLANG_WARN_NON_LITERAL_NULL_CONVERSION = YES;
				CLANG_WARN_OBJC_IMPLICIT_RETAIN_SELF = YES;
				CLANG_WARN_OBJC_LITERAL_CONVERSION = YES;
				CLANG_WARN_OBJC_ROOT_CLASS = YES_ERROR;
				CLANG_WARN_QUOTED_INCLUDE_IN_FRAMEWORK_HEADER = YES;
				CLANG_WARN_RANGE_LOOP_ANALYSIS = YES;
				CLANG_WARN_STRICT_PROTOTYPES = YES;
				CLANG_WARN_SUSPICIOUS_MOVE = YES;
				CLANG_WARN_UNGUARDED_AVAILABILITY = YES_AGGRESSIVE;
				CLANG_WARN_UNREACHABLE_CODE = YES;
				CLANG_WARN__DUPLICATE_METHOD_MATCH = YES;
				COPY_PHASE_STRIP = NO;
				DEBUG_INFORMATION_FORMAT = dwarf;
				ENABLE_STRICT_OBJC_MSGSEND = YES;
				ENABLE_TESTABILITY = YES;
				GCC_C_LANGUAGE_STANDARD = gnu11;
				GCC_DYNAMIC_NO_PIC = NO;
				GCC_NO_COMMON_BLOCKS = YES;
				GCC_OPTIMIZATION_LEVEL = 0;
				GCC_PREPROCESSOR_DEFINITIONS = (
					"DEBUG=1",
					"$(inherited)",
				);
				GCC_WARN_64_TO_32_BIT_CONVERSION = YES;
				GCC_WARN_ABOUT_RETURN_TYPE = YES_ERROR;
				GCC_WARN_UNDECLARED_SELECTOR = YES;
				GCC_WARN_UNINITIALIZED_AUTOS = YES_AGGRESSIVE;
				GCC_WARN_UNUSED_FUNCTION = YES;
				GCC_WARN_UNUSED_VARIABLE = YES;
				IPHONEOS_DEPLOYMENT_TARGET = 15.0;
				MTL_ENABLE_DEBUG_INFO = INCLUDE_SOURCE;
				MTL_FAST_MATH = YES;
				ONLY_ACTIVE_ARCH = YES;
				SDKROOT = iphoneos;
				SWIFT_ACTIVE_COMPILATION_CONDITIONS = DEBUG;
				SWIFT_OPTIMIZATION_LEVEL = "-Onone";
			};
			name = Debug;
		};
		333B90DD278CA6F900429B32 /* Release */ = {
			isa = XCBuildConfiguration;
			buildSettings = {
				ALWAYS_SEARCH_USER_PATHS = NO;
				CLANG_ANALYZER_NONNULL = YES;
				CLANG_ANALYZER_NUMBER_OBJECT_CONVERSION = YES_AGGRESSIVE;
				CLANG_CXX_LANGUAGE_STANDARD = "gnu++17";
				CLANG_CXX_LIBRARY = "libc++";
				CLANG_ENABLE_MODULES = YES;
				CLANG_ENABLE_OBJC_ARC = YES;
				CLANG_ENABLE_OBJC_WEAK = YES;
				CLANG_WARN_BLOCK_CAPTURE_AUTORELEASING = YES;
				CLANG_WARN_BOOL_CONVERSION = YES;
				CLANG_WARN_COMMA = YES;
				CLANG_WARN_CONSTANT_CONVERSION = YES;
				CLANG_WARN_DEPRECATED_OBJC_IMPLEMENTATIONS = YES;
				CLANG_WARN_DIRECT_OBJC_ISA_USAGE = YES_ERROR;
				CLANG_WARN_DOCUMENTATION_COMMENTS = YES;
				CLANG_WARN_EMPTY_BODY = YES;
				CLANG_WARN_ENUM_CONVERSION = YES;
				CLANG_WARN_INFINITE_RECURSION = YES;
				CLANG_WARN_INT_CONVERSION = YES;
				CLANG_WARN_NON_LITERAL_NULL_CONVERSION = YES;
				CLANG_WARN_OBJC_IMPLICIT_RETAIN_SELF = YES;
				CLANG_WARN_OBJC_LITERAL_CONVERSION = YES;
				CLANG_WARN_OBJC_ROOT_CLASS = YES_ERROR;
				CLANG_WARN_QUOTED_INCLUDE_IN_FRAMEWORK_HEADER = YES;
				CLANG_WARN_RANGE_LOOP_ANALYSIS = YES;
				CLANG_WARN_STRICT_PROTOTYPES = YES;
				CLANG_WARN_SUSPICIOUS_MOVE = YES;
				CLANG_WARN_UNGUARDED_AVAILABILITY = YES_AGGRESSIVE;
				CLANG_WARN_UNREACHABLE_CODE = YES;
				CLANG_WARN__DUPLICATE_METHOD_MATCH = YES;
				COPY_PHASE_STRIP = NO;
				DEBUG_INFORMATION_FORMAT = "dwarf-with-dsym";
				ENABLE_NS_ASSERTIONS = NO;
				ENABLE_STRICT_OBJC_MSGSEND = YES;
				GCC_C_LANGUAGE_STANDARD = gnu11;
				GCC_NO_COMMON_BLOCKS = YES;
				GCC_WARN_64_TO_32_BIT_CONVERSION = YES;
				GCC_WARN_ABOUT_RETURN_TYPE = YES_ERROR;
				GCC_WARN_UNDECLARED_SELECTOR = YES;
				GCC_WARN_UNINITIALIZED_AUTOS = YES_AGGRESSIVE;
				GCC_WARN_UNUSED_FUNCTION = YES;
				GCC_WARN_UNUSED_VARIABLE = YES;
				IPHONEOS_DEPLOYMENT_TARGET = 15.0;
				MTL_ENABLE_DEBUG_INFO = NO;
				MTL_FAST_MATH = YES;
				SDKROOT = iphoneos;
				SWIFT_COMPILATION_MODE = wholemodule;
				SWIFT_OPTIMIZATION_LEVEL = "-O";
				VALIDATE_PRODUCT = YES;
			};
			name = Release;
		};
		333B90DF278CA6F900429B32 /* Debug */ = {
			isa = XCBuildConfiguration;
			buildSettings = {
				ASSETCATALOG_COMPILER_APPICON_NAME = AppIcon;
				ASSETCATALOG_COMPILER_GLOBAL_ACCENT_COLOR_NAME = AccentColor;
				CODE_SIGN_STYLE = Automatic;
				CURRENT_PROJECT_VERSION = 1;
				DEVELOPMENT_TEAM = 9W8U24UXMM;
				GENERATE_INFOPLIST_FILE = YES;
				INFOPLIST_FILE = EffortMinutes/Info.plist;
				INFOPLIST_KEY_CFBundleDisplayName = "Effort Minutes";
				INFOPLIST_KEY_UIApplicationSupportsIndirectInputEvents = YES;
				INFOPLIST_KEY_UILaunchStoryboardName = LaunchScreen;
				INFOPLIST_KEY_UISupportedInterfaceOrientations = UIInterfaceOrientationPortrait;
				INFOPLIST_KEY_UISupportedInterfaceOrientations_iPad = "UIInterfaceOrientationPortrait UIInterfaceOrientationPortraitUpsideDown UIInterfaceOrientationLandscapeLeft UIInterfaceOrientationLandscapeRight";
				INFOPLIST_KEY_UISupportedInterfaceOrientations_iPhone = "UIInterfaceOrientationPortrait UIInterfaceOrientationLandscapeLeft UIInterfaceOrientationLandscapeRight";
				LD_RUNPATH_SEARCH_PATHS = (
					"$(inherited)",
					"@executable_path/Frameworks",
				);
				MARKETING_VERSION = 1.0;
				PRODUCT_BUNDLE_IDENTIFIER = com.donderapps.EffortMinutes;
				PRODUCT_NAME = "$(TARGET_NAME)";
				SWIFT_EMIT_LOC_STRINGS = YES;
				SWIFT_VERSION = 5.0;
				TARGETED_DEVICE_FAMILY = 1;
			};
			name = Debug;
		};
		333B90E0278CA6F900429B32 /* Release */ = {
			isa = XCBuildConfiguration;
			buildSettings = {
				ASSETCATALOG_COMPILER_APPICON_NAME = AppIcon;
				ASSETCATALOG_COMPILER_GLOBAL_ACCENT_COLOR_NAME = AccentColor;
				CODE_SIGN_STYLE = Automatic;
				CURRENT_PROJECT_VERSION = 1;
				DEVELOPMENT_TEAM = 9W8U24UXMM;
				GENERATE_INFOPLIST_FILE = YES;
				INFOPLIST_FILE = EffortMinutes/Info.plist;
				INFOPLIST_KEY_CFBundleDisplayName = "Effort Minutes";
				INFOPLIST_KEY_UIApplicationSupportsIndirectInputEvents = YES;
				INFOPLIST_KEY_UILaunchStoryboardName = LaunchScreen;
				INFOPLIST_KEY_UISupportedInterfaceOrientations = UIInterfaceOrientationPortrait;
				INFOPLIST_KEY_UISupportedInterfaceOrientations_iPad = "UIInterfaceOrientationPortrait UIInterfaceOrientationPortraitUpsideDown UIInterfaceOrientationLandscapeLeft UIInterfaceOrientationLandscapeRight";
				INFOPLIST_KEY_UISupportedInterfaceOrientations_iPhone = "UIInterfaceOrientationPortrait UIInterfaceOrientationLandscapeLeft UIInterfaceOrientationLandscapeRight";
				LD_RUNPATH_SEARCH_PATHS = (
					"$(inherited)",
					"@executable_path/Frameworks",
				);
				MARKETING_VERSION = 1.0;
				PRODUCT_BUNDLE_IDENTIFIER = com.donderapps.EffortMinutes;
				PRODUCT_NAME = "$(TARGET_NAME)";
				SWIFT_EMIT_LOC_STRINGS = YES;
				SWIFT_VERSION = 5.0;
				TARGETED_DEVICE_FAMILY = 1;
			};
			name = Release;
		};
		3373570527A379F20068D755 /* Debug */ = {
			isa = XCBuildConfiguration;
			buildSettings = {
				ASSETCATALOG_COMPILER_APPICON_NAME = AppIcon;
				ASSETCATALOG_COMPILER_GLOBAL_ACCENT_COLOR_NAME = AccentColor;
				CODE_SIGN_STYLE = Automatic;
				CURRENT_PROJECT_VERSION = 1;
				DEVELOPMENT_TEAM = 9W8U24UXMM;
				GENERATE_INFOPLIST_FILE = YES;
				INFOPLIST_FILE = EM_RankViewController/Info.plist;
				INFOPLIST_KEY_UIApplicationSupportsIndirectInputEvents = YES;
				INFOPLIST_KEY_UILaunchStoryboardName = LaunchScreen;
				INFOPLIST_KEY_UISupportedInterfaceOrientations_iPad = "UIInterfaceOrientationPortrait UIInterfaceOrientationPortraitUpsideDown UIInterfaceOrientationLandscapeLeft UIInterfaceOrientationLandscapeRight";
				INFOPLIST_KEY_UISupportedInterfaceOrientations_iPhone = "UIInterfaceOrientationPortrait UIInterfaceOrientationLandscapeLeft UIInterfaceOrientationLandscapeRight";
				LD_RUNPATH_SEARCH_PATHS = (
					"$(inherited)",
					"@executable_path/Frameworks",
				);
				MARKETING_VERSION = 1.0;
				PRODUCT_BUNDLE_IDENTIFIER = "com.donderapps.EM-RankViewController";
				PRODUCT_NAME = "$(TARGET_NAME)";
				SWIFT_EMIT_LOC_STRINGS = YES;
				SWIFT_VERSION = 5.0;
				TARGETED_DEVICE_FAMILY = "1,2";
			};
			name = Debug;
		};
		3373570627A379F20068D755 /* Release */ = {
			isa = XCBuildConfiguration;
			buildSettings = {
				ASSETCATALOG_COMPILER_APPICON_NAME = AppIcon;
				ASSETCATALOG_COMPILER_GLOBAL_ACCENT_COLOR_NAME = AccentColor;
				CODE_SIGN_STYLE = Automatic;
				CURRENT_PROJECT_VERSION = 1;
				DEVELOPMENT_TEAM = 9W8U24UXMM;
				GENERATE_INFOPLIST_FILE = YES;
				INFOPLIST_FILE = EM_RankViewController/Info.plist;
				INFOPLIST_KEY_UIApplicationSupportsIndirectInputEvents = YES;
				INFOPLIST_KEY_UILaunchStoryboardName = LaunchScreen;
				INFOPLIST_KEY_UISupportedInterfaceOrientations_iPad = "UIInterfaceOrientationPortrait UIInterfaceOrientationPortraitUpsideDown UIInterfaceOrientationLandscapeLeft UIInterfaceOrientationLandscapeRight";
				INFOPLIST_KEY_UISupportedInterfaceOrientations_iPhone = "UIInterfaceOrientationPortrait UIInterfaceOrientationLandscapeLeft UIInterfaceOrientationLandscapeRight";
				LD_RUNPATH_SEARCH_PATHS = (
					"$(inherited)",
					"@executable_path/Frameworks",
				);
				MARKETING_VERSION = 1.0;
				PRODUCT_BUNDLE_IDENTIFIER = "com.donderapps.EM-RankViewController";
				PRODUCT_NAME = "$(TARGET_NAME)";
				SWIFT_EMIT_LOC_STRINGS = YES;
				SWIFT_VERSION = 5.0;
				TARGETED_DEVICE_FAMILY = "1,2";
			};
			name = Release;
		};
		3373572127A43EBE0068D755 /* Debug */ = {
			isa = XCBuildConfiguration;
			buildSettings = {
				ASSETCATALOG_COMPILER_APPICON_NAME = AppIcon;
				ASSETCATALOG_COMPILER_GLOBAL_ACCENT_COLOR_NAME = AccentColor;
				CODE_SIGN_STYLE = Automatic;
				CURRENT_PROJECT_VERSION = 1;
				DEVELOPMENT_TEAM = 9W8U24UXMM;
				GENERATE_INFOPLIST_FILE = YES;
				INFOPLIST_FILE = EM_RankDrawer/Info.plist;
				INFOPLIST_KEY_UIApplicationSupportsIndirectInputEvents = YES;
				INFOPLIST_KEY_UILaunchStoryboardName = LaunchScreen;
				INFOPLIST_KEY_UISupportedInterfaceOrientations_iPad = "UIInterfaceOrientationPortrait UIInterfaceOrientationPortraitUpsideDown UIInterfaceOrientationLandscapeLeft UIInterfaceOrientationLandscapeRight";
				INFOPLIST_KEY_UISupportedInterfaceOrientations_iPhone = "UIInterfaceOrientationPortrait UIInterfaceOrientationLandscapeLeft UIInterfaceOrientationLandscapeRight";
				LD_RUNPATH_SEARCH_PATHS = (
					"$(inherited)",
					"@executable_path/Frameworks",
				);
				MARKETING_VERSION = 1.0;
				PRODUCT_BUNDLE_IDENTIFIER = "com.donderapps.EM-RankDrawer";
				PRODUCT_NAME = "$(TARGET_NAME)";
				SWIFT_EMIT_LOC_STRINGS = YES;
				SWIFT_VERSION = 5.0;
				TARGETED_DEVICE_FAMILY = "1,2";
			};
			name = Debug;
		};
		3373572227A43EBE0068D755 /* Release */ = {
			isa = XCBuildConfiguration;
			buildSettings = {
				ASSETCATALOG_COMPILER_APPICON_NAME = AppIcon;
				ASSETCATALOG_COMPILER_GLOBAL_ACCENT_COLOR_NAME = AccentColor;
				CODE_SIGN_STYLE = Automatic;
				CURRENT_PROJECT_VERSION = 1;
				DEVELOPMENT_TEAM = 9W8U24UXMM;
				GENERATE_INFOPLIST_FILE = YES;
				INFOPLIST_FILE = EM_RankDrawer/Info.plist;
				INFOPLIST_KEY_UIApplicationSupportsIndirectInputEvents = YES;
				INFOPLIST_KEY_UILaunchStoryboardName = LaunchScreen;
				INFOPLIST_KEY_UISupportedInterfaceOrientations_iPad = "UIInterfaceOrientationPortrait UIInterfaceOrientationPortraitUpsideDown UIInterfaceOrientationLandscapeLeft UIInterfaceOrientationLandscapeRight";
				INFOPLIST_KEY_UISupportedInterfaceOrientations_iPhone = "UIInterfaceOrientationPortrait UIInterfaceOrientationLandscapeLeft UIInterfaceOrientationLandscapeRight";
				LD_RUNPATH_SEARCH_PATHS = (
					"$(inherited)",
					"@executable_path/Frameworks",
				);
				MARKETING_VERSION = 1.0;
				PRODUCT_BUNDLE_IDENTIFIER = "com.donderapps.EM-RankDrawer";
				PRODUCT_NAME = "$(TARGET_NAME)";
				SWIFT_EMIT_LOC_STRINGS = YES;
				SWIFT_VERSION = 5.0;
				TARGETED_DEVICE_FAMILY = "1,2";
			};
			name = Release;
		};
		3373573D27A687830068D755 /* Debug */ = {
			isa = XCBuildConfiguration;
			buildSettings = {
				ASSETCATALOG_COMPILER_APPICON_NAME = AppIcon;
				ASSETCATALOG_COMPILER_GLOBAL_ACCENT_COLOR_NAME = AccentColor;
				CODE_SIGN_STYLE = Automatic;
				CURRENT_PROJECT_VERSION = 1;
				DEVELOPMENT_TEAM = 9W8U24UXMM;
				GENERATE_INFOPLIST_FILE = YES;
				INFOPLIST_FILE = EM_Timer/Info.plist;
				INFOPLIST_KEY_UIApplicationSupportsIndirectInputEvents = YES;
				INFOPLIST_KEY_UILaunchStoryboardName = LaunchScreen;
				INFOPLIST_KEY_UISupportedInterfaceOrientations_iPad = "UIInterfaceOrientationPortrait UIInterfaceOrientationPortraitUpsideDown UIInterfaceOrientationLandscapeLeft UIInterfaceOrientationLandscapeRight";
				INFOPLIST_KEY_UISupportedInterfaceOrientations_iPhone = "UIInterfaceOrientationPortrait UIInterfaceOrientationLandscapeLeft UIInterfaceOrientationLandscapeRight";
				LD_RUNPATH_SEARCH_PATHS = (
					"$(inherited)",
					"@executable_path/Frameworks",
				);
				MARKETING_VERSION = 1.0;
				PRODUCT_BUNDLE_IDENTIFIER = "com.donderapps.EM-Timer";
				PRODUCT_NAME = "$(TARGET_NAME)";
				SWIFT_EMIT_LOC_STRINGS = YES;
				SWIFT_VERSION = 5.0;
				TARGETED_DEVICE_FAMILY = "1,2";
			};
			name = Debug;
		};
		3373573E27A687830068D755 /* Release */ = {
			isa = XCBuildConfiguration;
			buildSettings = {
				ASSETCATALOG_COMPILER_APPICON_NAME = AppIcon;
				ASSETCATALOG_COMPILER_GLOBAL_ACCENT_COLOR_NAME = AccentColor;
				CODE_SIGN_STYLE = Automatic;
				CURRENT_PROJECT_VERSION = 1;
				DEVELOPMENT_TEAM = 9W8U24UXMM;
				GENERATE_INFOPLIST_FILE = YES;
				INFOPLIST_FILE = EM_Timer/Info.plist;
				INFOPLIST_KEY_UIApplicationSupportsIndirectInputEvents = YES;
				INFOPLIST_KEY_UILaunchStoryboardName = LaunchScreen;
				INFOPLIST_KEY_UISupportedInterfaceOrientations_iPad = "UIInterfaceOrientationPortrait UIInterfaceOrientationPortraitUpsideDown UIInterfaceOrientationLandscapeLeft UIInterfaceOrientationLandscapeRight";
				INFOPLIST_KEY_UISupportedInterfaceOrientations_iPhone = "UIInterfaceOrientationPortrait UIInterfaceOrientationLandscapeLeft UIInterfaceOrientationLandscapeRight";
				LD_RUNPATH_SEARCH_PATHS = (
					"$(inherited)",
					"@executable_path/Frameworks",
				);
				MARKETING_VERSION = 1.0;
				PRODUCT_BUNDLE_IDENTIFIER = "com.donderapps.EM-Timer";
				PRODUCT_NAME = "$(TARGET_NAME)";
				SWIFT_EMIT_LOC_STRINGS = YES;
				SWIFT_VERSION = 5.0;
				TARGETED_DEVICE_FAMILY = "1,2";
			};
			name = Release;
		};
/* End XCBuildConfiguration section */

/* Begin XCConfigurationList section */
		333B90C5278CA6F700429B32 /* Build configuration list for PBXProject "EffortMinutes" */ = {
			isa = XCConfigurationList;
			buildConfigurations = (
				333B90DC278CA6F900429B32 /* Debug */,
				333B90DD278CA6F900429B32 /* Release */,
			);
			defaultConfigurationIsVisible = 0;
			defaultConfigurationName = Release;
		};
		333B90DE278CA6F900429B32 /* Build configuration list for PBXNativeTarget "EffortMinutes" */ = {
			isa = XCConfigurationList;
			buildConfigurations = (
				333B90DF278CA6F900429B32 /* Debug */,
				333B90E0278CA6F900429B32 /* Release */,
			);
			defaultConfigurationIsVisible = 0;
			defaultConfigurationName = Release;
		};
		3373570427A379F20068D755 /* Build configuration list for PBXNativeTarget "EM_RankViewController" */ = {
			isa = XCConfigurationList;
			buildConfigurations = (
				3373570527A379F20068D755 /* Debug */,
				3373570627A379F20068D755 /* Release */,
			);
			defaultConfigurationIsVisible = 0;
			defaultConfigurationName = Release;
		};
		3373572027A43EBE0068D755 /* Build configuration list for PBXNativeTarget "EM_RankDrawer" */ = {
			isa = XCConfigurationList;
			buildConfigurations = (
				3373572127A43EBE0068D755 /* Debug */,
				3373572227A43EBE0068D755 /* Release */,
			);
			defaultConfigurationIsVisible = 0;
			defaultConfigurationName = Release;
		};
		3373573C27A687830068D755 /* Build configuration list for PBXNativeTarget "EM_Timer" */ = {
			isa = XCConfigurationList;
			buildConfigurations = (
				3373573D27A687830068D755 /* Debug */,
				3373573E27A687830068D755 /* Release */,
			);
			defaultConfigurationIsVisible = 0;
			defaultConfigurationName = Release;
		};
/* End XCConfigurationList section */

/* Begin XCRemoteSwiftPackageReference section */
		339B849527934E32000E7ECF /* XCRemoteSwiftPackageReference "SnapKit" */ = {
			isa = XCRemoteSwiftPackageReference;
			repositoryURL = "https://github.com/SnapKit/SnapKit";
			requirement = {
				branch = develop;
				kind = branch;
			};
		};
/* End XCRemoteSwiftPackageReference section */

/* Begin XCSwiftPackageProductDependency section */
		337356EB27A2F8AD0068D755 /* EffortDesign */ = {
			isa = XCSwiftPackageProductDependency;
			productName = EffortDesign;
		};
		337356ED27A2FC510068D755 /* EffortPresentation */ = {
			isa = XCSwiftPackageProductDependency;
			productName = EffortPresentation;
		};
		3373570727A38A030068D755 /* EMRankLadder */ = {
			isa = XCSwiftPackageProductDependency;
			productName = EMRankLadder;
		};
		3373570927A38A800068D755 /* EMRankLadder */ = {
			isa = XCSwiftPackageProductDependency;
			productName = EMRankLadder;
		};
		3373572327A43EF40068D755 /* EffortDesign */ = {
			isa = XCSwiftPackageProductDependency;
			productName = EffortDesign;
		};
		3373572527A43EF70068D755 /* SnapKit */ = {
			isa = XCSwiftPackageProductDependency;
			package = 339B849527934E32000E7ECF /* XCRemoteSwiftPackageReference "SnapKit" */;
			productName = SnapKit;
		};
		3373573F27A6878B0068D755 /* EffortDesign */ = {
			isa = XCSwiftPackageProductDependency;
			productName = EffortDesign;
		};
		339B849627934E32000E7ECF /* SnapKit */ = {
			isa = XCSwiftPackageProductDependency;
			package = 339B849527934E32000E7ECF /* XCRemoteSwiftPackageReference "SnapKit" */;
			productName = SnapKit;
		};
		33C063CD27A687D400D0B893 /* SnapKit */ = {
			isa = XCSwiftPackageProductDependency;
			package = 339B849527934E32000E7ECF /* XCRemoteSwiftPackageReference "SnapKit" */;
			productName = SnapKit;
		};
/* End XCSwiftPackageProductDependency section */
	};
	rootObject = 333B90C2278CA6F700429B32 /* Project object */;
}
